
Microsoft Visual Studio Solution File, Format Version 12.00
# Visual Studio Version 17
VisualStudioVersion = 17.8.34309.116
MinimumVisualStudioVersion = 10.0.40219.1
Project("{9A19103F-16F7-4668-BE54-9A1E7A4F7556}") = "RSystemContactApi", "RSystemContactApi\RSystemContactApi.csproj", "{A64173A3-340A-43DE-9305-27DF0CB1DA11}"
EndProject
Project("{FAE04EC0-301F-11D3-BF4B-00C04F79EFBC}") = "RSystem.Contact.Model", "RSystem.Contact.Model\RSystem.Contact.Model.csproj", "{711F10D6-FA03-4F38-B07E-C11777B78676}"
EndProject
Project("{FAE04EC0-301F-11D3-BF4B-00C04F79EFBC}") = "RSystem.Contact.Business", "RSystem.Contact.Business\RSystem.Contact.Business.csproj", "{CC9A7DE6-C17B-49ED-B74F-13D9A68D4FC8}"
EndProject
Project("{FAE04EC0-301F-11D3-BF4B-00C04F79EFBC}") = "RSystem.Contact.Data.FileSystem", "RSystem.Contact.Data.FileSystem\RSystem.Contact.Data.FileSystem.csproj", "{5CF54EC1-DE20-48CD-85EB-7C7E45662641}"
EndProject
Global
	GlobalSection(SolutionConfigurationPlatforms) = preSolution
		Debug|Any CPU = Debug|Any CPU
		Release|Any CPU = Release|Any CPU
	EndGlobalSection
	GlobalSection(ProjectConfigurationPlatforms) = postSolution
		{A64173A3-340A-43DE-9305-27DF0CB1DA11}.Debug|Any CPU.ActiveCfg = Debug|Any CPU
		{A64173A3-340A-43DE-9305-27DF0CB1DA11}.Debug|Any CPU.Build.0 = Debug|Any CPU
		{A64173A3-340A-43DE-9305-27DF0CB1DA11}.Release|Any CPU.ActiveCfg = Release|Any CPU
		{A64173A3-340A-43DE-9305-27DF0CB1DA11}.Release|Any CPU.Build.0 = Release|Any CPU
		{711F10D6-FA03-4F38-B07E-C11777B78676}.Debug|Any CPU.ActiveCfg = Debug|Any CPU
		{711F10D6-FA03-4F38-B07E-C11777B78676}.Debug|Any CPU.Build.0 = Debug|Any CPU
		{711F10D6-FA03-4F38-B07E-C11777B78676}.Release|Any CPU.ActiveCfg = Release|Any CPU
		{711F10D6-FA03-4F38-B07E-C11777B78676}.Release|Any CPU.Build.0 = Release|Any CPU
		{CC9A7DE6-C17B-49ED-B74F-13D9A68D4FC8}.Debug|Any CPU.ActiveCfg = Debug|Any CPU
		{CC9A7DE6-C17B-49ED-B74F-13D9A68D4FC8}.Debug|Any CPU.Build.0 = Debug|Any CPU
		{CC9A7DE6-C17B-49ED-B74F-13D9A68D4FC8}.Release|Any CPU.ActiveCfg = Release|Any CPU
		{CC9A7DE6-C17B-49ED-B74F-13D9A68D4FC8}.Release|Any CPU.Build.0 = Release|Any CPU
		{5CF54EC1-DE20-48CD-85EB-7C7E45662641}.Debug|Any CPU.ActiveCfg = Debug|Any CPU
		{5CF54EC1-DE20-48CD-85EB-7C7E45662641}.Debug|Any CPU.Build.0 = Debug|Any CPU
		{5CF54EC1-DE20-48CD-85EB-7C7E45662641}.Release|Any CPU.ActiveCfg = Release|Any CPU
		{5CF54EC1-DE20-48CD-85EB-7C7E45662641}.Release|Any CPU.Build.0 = Release|Any CPU
	EndGlobalSection
	GlobalSection(SolutionProperties) = preSolution
		HideSolutionNode = FALSE
	EndGlobalSection
	GlobalSection(ExtensibilityGlobals) = postSolution
		SolutionGuid = {FF58E75D-F142-4722-AADE-441CC6FF5ACE}
	EndGlobalSection
EndGlobal
